
Microsoft Visual Studio Solution File, Format Version 12.00
# Visual Studio Version 16
VisualStudioVersion = 16.0.34729.46
MinimumVisualStudioVersion = 10.0.40219.1
Project("{FAE04EC0-301F-11D3-BF4B-00C04F79EFBC}") = "ritboken", "ritboken\ritboken.csproj", "{72F4A76A-B267-4578-93BA-2D07D49B6EBD}"
EndProject
Global
	GlobalSection(SolutionConfigurationPlatforms) = preSolution
		Debug|Any CPU = Debug|Any CPU
		Release|Any CPU = Release|Any CPU
	EndGlobalSection
	GlobalSection(ProjectConfigurationPlatforms) = postSolution
		{72F4A76A-B267-4578-93BA-2D07D49B6EBD}.Debug|Any CPU.ActiveCfg = Debug|Any CPU
		{72F4A76A-B267-4578-93BA-2D07D49B6EBD}.Debug|Any CPU.Build.0 = Debug|Any CPU
		{72F4A76A-B267-4578-93BA-2D07D49B6EBD}.Release|Any CPU.ActiveCfg = Release|Any CPU
		{72F4A76A-B267-4578-93BA-2D07D49B6EBD}.Release|Any CPU.Build.0 = Release|Any CPU
	EndGlobalSection
	GlobalSection(SolutionProperties) = preSolution
		HideSolutionNode = FALSE
	EndGlobalSection
	GlobalSection(ExtensibilityGlobals) = postSolution
		SolutionGuid = {7C47088F-37B3-42D2-8770-AC0B2E1A1C52}
	EndGlobalSection
EndGlobal
